
Microsoft Visual Studio Solution File, Format Version 12.00
# Visual Studio Version 17
VisualStudioVersion = 17.0.31903.59
MinimumVisualStudioVersion = 10.0.40219.1
Project("{FAE04EC0-301F-11D3-BF4B-00C04F79EFBC}") = "Plot", "Plot\Plot.csproj", "{F07717A1-0356-45F9-8B05-81283E2A50AA}"
EndProject
Project("{FAE04EC0-301F-11D3-BF4B-00C04F79EFBC}") = "Plot.Tests", "Plot.Tests\Plot.Tests.csproj", "{5246074A-C453-4784-8889-BF710DB2DF34}"
EndProject
Global
	GlobalSection(SolutionConfigurationPlatforms) = preSolution
		Debug|Any CPU = Debug|Any CPU
		Release|Any CPU = Release|Any CPU
	EndGlobalSection
	GlobalSection(SolutionProperties) = preSolution
		HideSolutionNode = FALSE
	EndGlobalSection
	GlobalSection(ProjectConfigurationPlatforms) = postSolution
		{066C7A25-6163-4E46-A04F-CEA56134C352}.Debug|Any CPU.ActiveCfg = Debug|Any CPU
		{066C7A25-6163-4E46-A04F-CEA56134C352}.Debug|Any CPU.Build.0 = Debug|Any CPU
		{066C7A25-6163-4E46-A04F-CEA56134C352}.Release|Any CPU.ActiveCfg = Release|Any CPU
		{066C7A25-6163-4E46-A04F-CEA56134C352}.Release|Any CPU.Build.0 = Release|Any CPU
		{F07717A1-0356-45F9-8B05-81283E2A50AA}.Debug|Any CPU.ActiveCfg = Debug|Any CPU
		{F07717A1-0356-45F9-8B05-81283E2A50AA}.Debug|Any CPU.Build.0 = Debug|Any CPU
		{F07717A1-0356-45F9-8B05-81283E2A50AA}.Release|Any CPU.ActiveCfg = Release|Any CPU
		{F07717A1-0356-45F9-8B05-81283E2A50AA}.Release|Any CPU.Build.0 = Release|Any CPU
		{5246074A-C453-4784-8889-BF710DB2DF34}.Debug|Any CPU.ActiveCfg = Debug|Any CPU
		{5246074A-C453-4784-8889-BF710DB2DF34}.Debug|Any CPU.Build.0 = Debug|Any CPU
		{5246074A-C453-4784-8889-BF710DB2DF34}.Release|Any CPU.ActiveCfg = Release|Any CPU
		{5246074A-C453-4784-8889-BF710DB2DF34}.Release|Any CPU.Build.0 = Release|Any CPU
	EndGlobalSection
EndGlobal
